
Microsoft Visual Studio Solution File, Format Version 12.00
# Visual Studio Version 17
VisualStudioVersion = 17.9.34723.18
MinimumVisualStudioVersion = 10.0.40219.1
Project("{FAE04EC0-301F-11D3-BF4B-00C04F79EFBC}") = "GrossetApp", "GrossetApp\GrossetApp.csproj", "{0A699EE4-0348-4AC3-8D93-5406FED6CC7D}"
EndProject
Global
	GlobalSection(SolutionConfigurationPlatforms) = preSolution
		Debug|Any CPU = Debug|Any CPU
		Release|Any CPU = Release|Any CPU
	EndGlobalSection
	GlobalSection(ProjectConfigurationPlatforms) = postSolution
		{0A699EE4-0348-4AC3-8D93-5406FED6CC7D}.Debug|Any CPU.ActiveCfg = Debug|Any CPU
		{0A699EE4-0348-4AC3-8D93-5406FED6CC7D}.Debug|Any CPU.Build.0 = Debug|Any CPU
		{0A699EE4-0348-4AC3-8D93-5406FED6CC7D}.Debug|Any CPU.Deploy.0 = Debug|Any CPU
		{0A699EE4-0348-4AC3-8D93-5406FED6CC7D}.Release|Any CPU.ActiveCfg = Release|Any CPU
		{0A699EE4-0348-4AC3-8D93-5406FED6CC7D}.Release|Any CPU.Build.0 = Release|Any CPU
		{0A699EE4-0348-4AC3-8D93-5406FED6CC7D}.Release|Any CPU.Deploy.0 = Release|Any CPU
	EndGlobalSection
	GlobalSection(SolutionProperties) = preSolution
		HideSolutionNode = FALSE
	EndGlobalSection
	GlobalSection(ExtensibilityGlobals) = postSolution
		SolutionGuid = {F7EEAEFC-2D84-468F-A365-5B3B4A1C113C}
	EndGlobalSection
EndGlobal
